github.com/JesseChavez/enki v0.0.0-20240818025745-7d9911a227df h1:yKzREgWEt3NIZrBWUW8Fzam2VK72MtTY35+B3bLjX7Y=
github.com/JesseChavez/enki v0.0.0-20240818025745-7d9911a227df/go.mod h1:IWm39rHtSxMWUj+MGVfETWWkCnZGQPKw8hy0YuTfojs=
github.com/JesseChavez/enki v0.0.0-20240820223131-667743af8d2d h1:HaUVixPeUdgFnt8XxaF2MRsbciZ2HrU8c5X5zFe3K7U=
github.com/JesseChavez/enki v0.0.0-20240820223131-667743af8d2d/go.mod h1:JVyQgDI5TsFffioozHw6r8ZmieyfBJSN6MHaU3V6yJQ=
github.com/JesseChavez/spt v0.1.0 h1:5KtrtXzDtLUo3SQuoKUZb1aXPTrlqfDJNBTCcmSkIMk=
github.com/JesseChavez/spt v0.1.0/go.mod h1:zGVHwSUvBZn2JyrZMoXNqfLG+WrxcdOz0ggbKDEe8rs=
github.com/go-chi/chi/v5 v5.1.0 h1:acVI1TYaD+hhedDJ3r54HyA6sExp3HfXq7QWEEY/xMw=
github.com/go-chi/chi/v5 v5.1.0/go.mod h1:DslCQbL2OYiznFReuXYUmQ2hGd1aDpCnlMNITLSKoi8=
github.com/go-rel/rel v0.42.0 h1:LxtI/Q7ConrivN+rp95LvLnu7QWU0stD9/ZpeR6OdrU=
github.com/go-rel/rel v0.42.0/go.mod h1:7RaEaNz30kCt/14m4VgdVWXFzATWnqJ40f0z1DnAUyk=
github.com/jinzhu/inflection v1.0.0 h1:K317FqzuhWc8YvSVlFMCCUb36O/S9MCKRDI7QkRKD/E=
github.com/jinzhu/inflection v1.0.0/go.mod h1:h+uFLlag+Qp1Va5pdKtLDYj+kHp5pxUVkryuEj+Srlc=
github.com/serenize/snaker v0.0.0-20201027110005-a7ad2135616e h1:zWKUYT07mGmVBH+9UgnHXd/ekCK99C8EbDSAt5qsjXE=
github.com/serenize/snaker v0.0.0-20201027110005-a7ad2135616e/go.mod h1:Yow6lPLSAXx2ifx470yD/nUe22Dv5vBvxK/UK9UUTVs=
gopkg.in/check.v1 v0.0.0-20161208181325-20d25e280405/go.mod h1:Co6ibVJAznAaIkqp8huTwlJQCZ016jof/cbN4VW5Yz0=
gopkg.in/yaml.v3 v3.0.1 h1:fxVm/GzAzEWqLHuvctI91KS9hhNmmWOoWu0XTYJS7CA=
gopkg.in/yaml.v3 v3.0.1/go.mod h1:K4uyk7z7BCEPqu6E+C64Yfv1cQ7kz7rIZviUmN+EgEM=
